
Microsoft Visual Studio Solution File, Format Version 12.00
# Visual Studio Version 16
VisualStudioVersion = 16.0.32602.291
MinimumVisualStudioVersion = 10.0.40219.1
Project("{FAE04EC0-301F-11D3-BF4B-00C04F79EFBC}") = "P622_I1_leemansNathan", "P622_I1_leemansNathan\P622_I1_leemansNathan.csproj", "{4A591A6E-EB7A-49C8-871A-33EC258FA94D}"
EndProject
Global
	GlobalSection(SolutionConfigurationPlatforms) = preSolution
		Debug|Any CPU = Debug|Any CPU
		Release|Any CPU = Release|Any CPU
	EndGlobalSection
	GlobalSection(ProjectConfigurationPlatforms) = postSolution
		{4A591A6E-EB7A-49C8-871A-33EC258FA94D}.Debug|Any CPU.ActiveCfg = Debug|Any CPU
		{4A591A6E-EB7A-49C8-871A-33EC258FA94D}.Debug|Any CPU.Build.0 = Debug|Any CPU
		{4A591A6E-EB7A-49C8-871A-33EC258FA94D}.Release|Any CPU.ActiveCfg = Release|Any CPU
		{4A591A6E-EB7A-49C8-871A-33EC258FA94D}.Release|Any CPU.Build.0 = Release|Any CPU
	EndGlobalSection
	GlobalSection(SolutionProperties) = preSolution
		HideSolutionNode = FALSE
	EndGlobalSection
	GlobalSection(ExtensibilityGlobals) = postSolution
		SolutionGuid = {AB7DB054-8E77-49BE-80A3-67D72E6744FD}
	EndGlobalSection
EndGlobal
