
Microsoft Visual Studio Solution File, Format Version 12.00
# Visual Studio Version 16
VisualStudioVersion = 16.0.31729.503
MinimumVisualStudioVersion = 10.0.40219.1
Project("{FAE04EC0-301F-11D3-BF4B-00C04F79EFBC}") = "ExBtnObjetDiff", "ExBtnObjetDiff\ExBtnObjetDiff.csproj", "{DFFA7453-FF02-4F2E-833E-A14B2DEECB17}"
EndProject
Global
	GlobalSection(SolutionConfigurationPlatforms) = preSolution
		Debug|Any CPU = Debug|Any CPU
		Release|Any CPU = Release|Any CPU
	EndGlobalSection
	GlobalSection(ProjectConfigurationPlatforms) = postSolution
		{DFFA7453-FF02-4F2E-833E-A14B2DEECB17}.Debug|Any CPU.ActiveCfg = Debug|Any CPU
		{DFFA7453-FF02-4F2E-833E-A14B2DEECB17}.Debug|Any CPU.Build.0 = Debug|Any CPU
		{DFFA7453-FF02-4F2E-833E-A14B2DEECB17}.Release|Any CPU.ActiveCfg = Release|Any CPU
		{DFFA7453-FF02-4F2E-833E-A14B2DEECB17}.Release|Any CPU.Build.0 = Release|Any CPU
	EndGlobalSection
	GlobalSection(SolutionProperties) = preSolution
		HideSolutionNode = FALSE
	EndGlobalSection
	GlobalSection(ExtensibilityGlobals) = postSolution
		SolutionGuid = {F36BBB5D-A3FE-4D38-A9A7-584F05B45DCC}
	EndGlobalSection
EndGlobal
