
Microsoft Visual Studio Solution File, Format Version 12.00
# Visual Studio Version 16
VisualStudioVersion = 16.0.32602.291
MinimumVisualStudioVersion = 10.0.40219.1
Project("{FAE04EC0-301F-11D3-BF4B-00C04F79EFBC}") = "Calculatrice", "Calculatrice\Calculatrice.csproj", "{7E2316DF-C4F3-4A1C-BD7D-16758493E966}"
EndProject
Global
	GlobalSection(SolutionConfigurationPlatforms) = preSolution
		Debug|Any CPU = Debug|Any CPU
		Release|Any CPU = Release|Any CPU
	EndGlobalSection
	GlobalSection(ProjectConfigurationPlatforms) = postSolution
		{7E2316DF-C4F3-4A1C-BD7D-16758493E966}.Debug|Any CPU.ActiveCfg = Debug|Any CPU
		{7E2316DF-C4F3-4A1C-BD7D-16758493E966}.Debug|Any CPU.Build.0 = Debug|Any CPU
		{7E2316DF-C4F3-4A1C-BD7D-16758493E966}.Release|Any CPU.ActiveCfg = Release|Any CPU
		{7E2316DF-C4F3-4A1C-BD7D-16758493E966}.Release|Any CPU.Build.0 = Release|Any CPU
	EndGlobalSection
	GlobalSection(SolutionProperties) = preSolution
		HideSolutionNode = FALSE
	EndGlobalSection
	GlobalSection(ExtensibilityGlobals) = postSolution
		SolutionGuid = {4813A8A1-3C41-4712-8A58-983C4E2DA7B9}
	EndGlobalSection
EndGlobal
