
Microsoft Visual Studio Solution File, Format Version 12.00
# Visual Studio Version 16
VisualStudioVersion = 16.0.32602.291
MinimumVisualStudioVersion = 10.0.40219.1
Project("{FAE04EC0-301F-11D3-BF4B-00C04F79EFBC}") = "CreaDynamique", "CreaDynamique\CreaDynamique.csproj", "{8BF121DE-B1FE-4419-9D1C-80564B09FF09}"
EndProject
Global
	GlobalSection(SolutionConfigurationPlatforms) = preSolution
		Debug|Any CPU = Debug|Any CPU
		Release|Any CPU = Release|Any CPU
	EndGlobalSection
	GlobalSection(ProjectConfigurationPlatforms) = postSolution
		{8BF121DE-B1FE-4419-9D1C-80564B09FF09}.Debug|Any CPU.ActiveCfg = Debug|Any CPU
		{8BF121DE-B1FE-4419-9D1C-80564B09FF09}.Debug|Any CPU.Build.0 = Debug|Any CPU
		{8BF121DE-B1FE-4419-9D1C-80564B09FF09}.Release|Any CPU.ActiveCfg = Release|Any CPU
		{8BF121DE-B1FE-4419-9D1C-80564B09FF09}.Release|Any CPU.Build.0 = Release|Any CPU
	EndGlobalSection
	GlobalSection(SolutionProperties) = preSolution
		HideSolutionNode = FALSE
	EndGlobalSection
	GlobalSection(ExtensibilityGlobals) = postSolution
		SolutionGuid = {653F3301-06EC-4297-9276-B9683CCC6FAD}
	EndGlobalSection
EndGlobal
