
Microsoft Visual Studio Solution File, Format Version 12.00
# Visual Studio Version 16
VisualStudioVersion = 16.0.32602.291
MinimumVisualStudioVersion = 10.0.40219.1
Project("{FAE04EC0-301F-11D3-BF4B-00C04F79EFBC}") = "MatchingGameDynamique", "MatchingGameDynamique\MatchingGameDynamique.csproj", "{FE16C4FB-C9D9-4E2B-A6A4-0546E471DEC6}"
EndProject
Global
	GlobalSection(SolutionConfigurationPlatforms) = preSolution
		Debug|Any CPU = Debug|Any CPU
		Release|Any CPU = Release|Any CPU
	EndGlobalSection
	GlobalSection(ProjectConfigurationPlatforms) = postSolution
		{FE16C4FB-C9D9-4E2B-A6A4-0546E471DEC6}.Debug|Any CPU.ActiveCfg = Debug|Any CPU
		{FE16C4FB-C9D9-4E2B-A6A4-0546E471DEC6}.Debug|Any CPU.Build.0 = Debug|Any CPU
		{FE16C4FB-C9D9-4E2B-A6A4-0546E471DEC6}.Release|Any CPU.ActiveCfg = Release|Any CPU
		{FE16C4FB-C9D9-4E2B-A6A4-0546E471DEC6}.Release|Any CPU.Build.0 = Release|Any CPU
	EndGlobalSection
	GlobalSection(SolutionProperties) = preSolution
		HideSolutionNode = FALSE
	EndGlobalSection
	GlobalSection(ExtensibilityGlobals) = postSolution
		SolutionGuid = {8E8BDBD7-9DCC-4648-8226-01D9A02F724B}
	EndGlobalSection
EndGlobal
