
Microsoft Visual Studio Solution File, Format Version 12.00
# Visual Studio Version 16
VisualStudioVersion = 16.0.31729.503
MinimumVisualStudioVersion = 10.0.40219.1
Project("{FAE04EC0-301F-11D3-BF4B-00C04F79EFBC}") = "ExBtnMusique", "ExBtnMusique\ExBtnMusique.csproj", "{F2187451-94F4-4484-A5A7-5696BBA602BD}"
EndProject
Global
	GlobalSection(SolutionConfigurationPlatforms) = preSolution
		Debug|Any CPU = Debug|Any CPU
		Release|Any CPU = Release|Any CPU
	EndGlobalSection
	GlobalSection(ProjectConfigurationPlatforms) = postSolution
		{F2187451-94F4-4484-A5A7-5696BBA602BD}.Debug|Any CPU.ActiveCfg = Debug|Any CPU
		{F2187451-94F4-4484-A5A7-5696BBA602BD}.Debug|Any CPU.Build.0 = Debug|Any CPU
		{F2187451-94F4-4484-A5A7-5696BBA602BD}.Release|Any CPU.ActiveCfg = Release|Any CPU
		{F2187451-94F4-4484-A5A7-5696BBA602BD}.Release|Any CPU.Build.0 = Release|Any CPU
	EndGlobalSection
	GlobalSection(SolutionProperties) = preSolution
		HideSolutionNode = FALSE
	EndGlobalSection
	GlobalSection(ExtensibilityGlobals) = postSolution
		SolutionGuid = {A74F5EA6-55E7-4498-82E1-18F5308448A4}
	EndGlobalSection
EndGlobal
